
Microsoft Visual Studio Solution File, Format Version 12.00
# Visual Studio 15
VisualStudioVersion = 15.0.27428.2015
MinimumVisualStudioVersion = 10.0.40219.1
Project("{FAE04EC0-301F-11D3-BF4B-00C04F79EFBC}") = "TaxiWebApp", "TaxiWebApp\TaxiWebApp.csproj", "{9D7432D6-DE86-4E74-8C4E-8F1BA23535FC}"
EndProject
Global
	GlobalSection(SolutionConfigurationPlatforms) = preSolution
		Debug|Any CPU = Debug|Any CPU
		Release|Any CPU = Release|Any CPU
	EndGlobalSection
	GlobalSection(ProjectConfigurationPlatforms) = postSolution
		{9D7432D6-DE86-4E74-8C4E-8F1BA23535FC}.Debug|Any CPU.ActiveCfg = Debug|Any CPU
		{9D7432D6-DE86-4E74-8C4E-8F1BA23535FC}.Debug|Any CPU.Build.0 = Debug|Any CPU
		{9D7432D6-DE86-4E74-8C4E-8F1BA23535FC}.Release|Any CPU.ActiveCfg = Release|Any CPU
		{9D7432D6-DE86-4E74-8C4E-8F1BA23535FC}.Release|Any CPU.Build.0 = Release|Any CPU
	EndGlobalSection
	GlobalSection(SolutionProperties) = preSolution
		HideSolutionNode = FALSE
	EndGlobalSection
	GlobalSection(ExtensibilityGlobals) = postSolution
		SolutionGuid = {ACF6BAD3-00A0-4ED3-B4B1-AA1EAAE5432A}
	EndGlobalSection
EndGlobal
